
Microsoft Visual Studio Solution File, Format Version 12.00
# Visual Studio Version 17
VisualStudioVersion = 17.0.31903.59
MinimumVisualStudioVersion = 10.0.40219.1
Project("{FAE04EC0-301F-11D3-BF4B-00C04F79EFBC}") = "Domain", "Domain\Domain.csproj", "{8DF42D7F-00CC-4414-BF66-CF1D52E89EBC}"
EndProject
Project("{FAE04EC0-301F-11D3-BF4B-00C04F79EFBC}") = "Infrastructure", "Infrastructure\Infrastructure.csproj", "{94BDFBC5-786F-4AE7-8449-E700452E4F77}"
EndProject
Project("{FAE04EC0-301F-11D3-BF4B-00C04F79EFBC}") = "WebApi", "WebApi\WebApi.csproj", "{DA1179A3-89A2-429A-A625-BFE22E906399}"
EndProject
Global
	GlobalSection(SolutionConfigurationPlatforms) = preSolution
		Debug|Any CPU = Debug|Any CPU
		Debug|x64 = Debug|x64
		Debug|x86 = Debug|x86
		Release|Any CPU = Release|Any CPU
		Release|x64 = Release|x64
		Release|x86 = Release|x86
	EndGlobalSection
	GlobalSection(ProjectConfigurationPlatforms) = postSolution
		{8DF42D7F-00CC-4414-BF66-CF1D52E89EBC}.Debug|Any CPU.ActiveCfg = Debug|Any CPU
		{8DF42D7F-00CC-4414-BF66-CF1D52E89EBC}.Debug|Any CPU.Build.0 = Debug|Any CPU
		{8DF42D7F-00CC-4414-BF66-CF1D52E89EBC}.Debug|x64.ActiveCfg = Debug|Any CPU
		{8DF42D7F-00CC-4414-BF66-CF1D52E89EBC}.Debug|x64.Build.0 = Debug|Any CPU
		{8DF42D7F-00CC-4414-BF66-CF1D52E89EBC}.Debug|x86.ActiveCfg = Debug|Any CPU
		{8DF42D7F-00CC-4414-BF66-CF1D52E89EBC}.Debug|x86.Build.0 = Debug|Any CPU
		{8DF42D7F-00CC-4414-BF66-CF1D52E89EBC}.Release|Any CPU.ActiveCfg = Release|Any CPU
		{8DF42D7F-00CC-4414-BF66-CF1D52E89EBC}.Release|Any CPU.Build.0 = Release|Any CPU
		{8DF42D7F-00CC-4414-BF66-CF1D52E89EBC}.Release|x64.ActiveCfg = Release|Any CPU
		{8DF42D7F-00CC-4414-BF66-CF1D52E89EBC}.Release|x64.Build.0 = Release|Any CPU
		{8DF42D7F-00CC-4414-BF66-CF1D52E89EBC}.Release|x86.ActiveCfg = Release|Any CPU
		{8DF42D7F-00CC-4414-BF66-CF1D52E89EBC}.Release|x86.Build.0 = Release|Any CPU
		{94BDFBC5-786F-4AE7-8449-E700452E4F77}.Debug|Any CPU.ActiveCfg = Debug|Any CPU
		{94BDFBC5-786F-4AE7-8449-E700452E4F77}.Debug|Any CPU.Build.0 = Debug|Any CPU
		{94BDFBC5-786F-4AE7-8449-E700452E4F77}.Debug|x64.ActiveCfg = Debug|Any CPU
		{94BDFBC5-786F-4AE7-8449-E700452E4F77}.Debug|x64.Build.0 = Debug|Any CPU
		{94BDFBC5-786F-4AE7-8449-E700452E4F77}.Debug|x86.ActiveCfg = Debug|Any CPU
		{94BDFBC5-786F-4AE7-8449-E700452E4F77}.Debug|x86.Build.0 = Debug|Any CPU
		{94BDFBC5-786F-4AE7-8449-E700452E4F77}.Release|Any CPU.ActiveCfg = Release|Any CPU
		{94BDFBC5-786F-4AE7-8449-E700452E4F77}.Release|Any CPU.Build.0 = Release|Any CPU
		{94BDFBC5-786F-4AE7-8449-E700452E4F77}.Release|x64.ActiveCfg = Release|Any CPU
		{94BDFBC5-786F-4AE7-8449-E700452E4F77}.Release|x64.Build.0 = Release|Any CPU
		{94BDFBC5-786F-4AE7-8449-E700452E4F77}.Release|x86.ActiveCfg = Release|Any CPU
		{94BDFBC5-786F-4AE7-8449-E700452E4F77}.Release|x86.Build.0 = Release|Any CPU
		{DA1179A3-89A2-429A-A625-BFE22E906399}.Debug|Any CPU.ActiveCfg = Debug|Any CPU
		{DA1179A3-89A2-429A-A625-BFE22E906399}.Debug|Any CPU.Build.0 = Debug|Any CPU
		{DA1179A3-89A2-429A-A625-BFE22E906399}.Debug|x64.ActiveCfg = Debug|Any CPU
		{DA1179A3-89A2-429A-A625-BFE22E906399}.Debug|x64.Build.0 = Debug|Any CPU
		{DA1179A3-89A2-429A-A625-BFE22E906399}.Debug|x86.ActiveCfg = Debug|Any CPU
		{DA1179A3-89A2-429A-A625-BFE22E906399}.Debug|x86.Build.0 = Debug|Any CPU
		{DA1179A3-89A2-429A-A625-BFE22E906399}.Release|Any CPU.ActiveCfg = Release|Any CPU
		{DA1179A3-89A2-429A-A625-BFE22E906399}.Release|Any CPU.Build.0 = Release|Any CPU
		{DA1179A3-89A2-429A-A625-BFE22E906399}.Release|x64.ActiveCfg = Release|Any CPU
		{DA1179A3-89A2-429A-A625-BFE22E906399}.Release|x64.Build.0 = Release|Any CPU
		{DA1179A3-89A2-429A-A625-BFE22E906399}.Release|x86.ActiveCfg = Release|Any CPU
		{DA1179A3-89A2-429A-A625-BFE22E906399}.Release|x86.Build.0 = Release|Any CPU
	EndGlobalSection
	GlobalSection(SolutionProperties) = preSolution
		HideSolutionNode = FALSE
	EndGlobalSection
EndGlobal
