
Microsoft Visual Studio Solution File, Format Version 12.00
# Visual Studio Version 17
VisualStudioVersion = 17.0.31903.59
MinimumVisualStudioVersion = 10.0.40219.1
Project("{FAE04EC0-301F-11D3-BF4B-00C04F79EFBC}") = "Domain", "Domain\Domain.csproj", "{B2587703-4416-4A39-8EDA-C19EC6474928}"
EndProject
Project("{FAE04EC0-301F-11D3-BF4B-00C04F79EFBC}") = "Infrastructure", "Infrastructure\Infrastructure.csproj", "{2C2C614B-E1AF-414E-856B-D6E92A574C26}"
EndProject
Project("{FAE04EC0-301F-11D3-BF4B-00C04F79EFBC}") = "WebApi", "WebApi\WebApi.csproj", "{667A8590-7695-4C7C-819C-AA49C6068168}"
EndProject
Global
	GlobalSection(SolutionConfigurationPlatforms) = preSolution
		Debug|Any CPU = Debug|Any CPU
		Debug|x64 = Debug|x64
		Debug|x86 = Debug|x86
		Release|Any CPU = Release|Any CPU
		Release|x64 = Release|x64
		Release|x86 = Release|x86
	EndGlobalSection
	GlobalSection(ProjectConfigurationPlatforms) = postSolution
		{B2587703-4416-4A39-8EDA-C19EC6474928}.Debug|Any CPU.ActiveCfg = Debug|Any CPU
		{B2587703-4416-4A39-8EDA-C19EC6474928}.Debug|Any CPU.Build.0 = Debug|Any CPU
		{B2587703-4416-4A39-8EDA-C19EC6474928}.Debug|x64.ActiveCfg = Debug|Any CPU
		{B2587703-4416-4A39-8EDA-C19EC6474928}.Debug|x64.Build.0 = Debug|Any CPU
		{B2587703-4416-4A39-8EDA-C19EC6474928}.Debug|x86.ActiveCfg = Debug|Any CPU
		{B2587703-4416-4A39-8EDA-C19EC6474928}.Debug|x86.Build.0 = Debug|Any CPU
		{B2587703-4416-4A39-8EDA-C19EC6474928}.Release|Any CPU.ActiveCfg = Release|Any CPU
		{B2587703-4416-4A39-8EDA-C19EC6474928}.Release|Any CPU.Build.0 = Release|Any CPU
		{B2587703-4416-4A39-8EDA-C19EC6474928}.Release|x64.ActiveCfg = Release|Any CPU
		{B2587703-4416-4A39-8EDA-C19EC6474928}.Release|x64.Build.0 = Release|Any CPU
		{B2587703-4416-4A39-8EDA-C19EC6474928}.Release|x86.ActiveCfg = Release|Any CPU
		{B2587703-4416-4A39-8EDA-C19EC6474928}.Release|x86.Build.0 = Release|Any CPU
		{2C2C614B-E1AF-414E-856B-D6E92A574C26}.Debug|Any CPU.ActiveCfg = Debug|Any CPU
		{2C2C614B-E1AF-414E-856B-D6E92A574C26}.Debug|Any CPU.Build.0 = Debug|Any CPU
		{2C2C614B-E1AF-414E-856B-D6E92A574C26}.Debug|x64.ActiveCfg = Debug|Any CPU
		{2C2C614B-E1AF-414E-856B-D6E92A574C26}.Debug|x64.Build.0 = Debug|Any CPU
		{2C2C614B-E1AF-414E-856B-D6E92A574C26}.Debug|x86.ActiveCfg = Debug|Any CPU
		{2C2C614B-E1AF-414E-856B-D6E92A574C26}.Debug|x86.Build.0 = Debug|Any CPU
		{2C2C614B-E1AF-414E-856B-D6E92A574C26}.Release|Any CPU.ActiveCfg = Release|Any CPU
		{2C2C614B-E1AF-414E-856B-D6E92A574C26}.Release|Any CPU.Build.0 = Release|Any CPU
		{2C2C614B-E1AF-414E-856B-D6E92A574C26}.Release|x64.ActiveCfg = Release|Any CPU
		{2C2C614B-E1AF-414E-856B-D6E92A574C26}.Release|x64.Build.0 = Release|Any CPU
		{2C2C614B-E1AF-414E-856B-D6E92A574C26}.Release|x86.ActiveCfg = Release|Any CPU
		{2C2C614B-E1AF-414E-856B-D6E92A574C26}.Release|x86.Build.0 = Release|Any CPU
		{667A8590-7695-4C7C-819C-AA49C6068168}.Debug|Any CPU.ActiveCfg = Debug|Any CPU
		{667A8590-7695-4C7C-819C-AA49C6068168}.Debug|Any CPU.Build.0 = Debug|Any CPU
		{667A8590-7695-4C7C-819C-AA49C6068168}.Debug|x64.ActiveCfg = Debug|Any CPU
		{667A8590-7695-4C7C-819C-AA49C6068168}.Debug|x64.Build.0 = Debug|Any CPU
		{667A8590-7695-4C7C-819C-AA49C6068168}.Debug|x86.ActiveCfg = Debug|Any CPU
		{667A8590-7695-4C7C-819C-AA49C6068168}.Debug|x86.Build.0 = Debug|Any CPU
		{667A8590-7695-4C7C-819C-AA49C6068168}.Release|Any CPU.ActiveCfg = Release|Any CPU
		{667A8590-7695-4C7C-819C-AA49C6068168}.Release|Any CPU.Build.0 = Release|Any CPU
		{667A8590-7695-4C7C-819C-AA49C6068168}.Release|x64.ActiveCfg = Release|Any CPU
		{667A8590-7695-4C7C-819C-AA49C6068168}.Release|x64.Build.0 = Release|Any CPU
		{667A8590-7695-4C7C-819C-AA49C6068168}.Release|x86.ActiveCfg = Release|Any CPU
		{667A8590-7695-4C7C-819C-AA49C6068168}.Release|x86.Build.0 = Release|Any CPU
	EndGlobalSection
	GlobalSection(SolutionProperties) = preSolution
		HideSolutionNode = FALSE
	EndGlobalSection
EndGlobal
