
Microsoft Visual Studio Solution File, Format Version 12.00
# Visual Studio Version 17
VisualStudioVersion = 17.0.31903.59
MinimumVisualStudioVersion = 10.0.40219.1
Project("{FAE04EC0-301F-11D3-BF4B-00C04F79EFBC}") = "Domain", "Domain\Domain.csproj", "{33D0E8CE-0D6D-485A-AE0F-E3BE11A7A182}"
EndProject
Project("{FAE04EC0-301F-11D3-BF4B-00C04F79EFBC}") = "Infrastructure", "Infrastructure\Infrastructure.csproj", "{E066DED9-5182-415F-ACEB-E45CF92AF97C}"
EndProject
Project("{FAE04EC0-301F-11D3-BF4B-00C04F79EFBC}") = "WebApi", "WebApi\WebApi.csproj", "{8853AFAE-03A3-44BC-8899-5CF30CEF1065}"
EndProject
Global
	GlobalSection(SolutionConfigurationPlatforms) = preSolution
		Debug|Any CPU = Debug|Any CPU
		Debug|x64 = Debug|x64
		Debug|x86 = Debug|x86
		Release|Any CPU = Release|Any CPU
		Release|x64 = Release|x64
		Release|x86 = Release|x86
	EndGlobalSection
	GlobalSection(ProjectConfigurationPlatforms) = postSolution
		{33D0E8CE-0D6D-485A-AE0F-E3BE11A7A182}.Debug|Any CPU.ActiveCfg = Debug|Any CPU
		{33D0E8CE-0D6D-485A-AE0F-E3BE11A7A182}.Debug|Any CPU.Build.0 = Debug|Any CPU
		{33D0E8CE-0D6D-485A-AE0F-E3BE11A7A182}.Debug|x64.ActiveCfg = Debug|Any CPU
		{33D0E8CE-0D6D-485A-AE0F-E3BE11A7A182}.Debug|x64.Build.0 = Debug|Any CPU
		{33D0E8CE-0D6D-485A-AE0F-E3BE11A7A182}.Debug|x86.ActiveCfg = Debug|Any CPU
		{33D0E8CE-0D6D-485A-AE0F-E3BE11A7A182}.Debug|x86.Build.0 = Debug|Any CPU
		{33D0E8CE-0D6D-485A-AE0F-E3BE11A7A182}.Release|Any CPU.ActiveCfg = Release|Any CPU
		{33D0E8CE-0D6D-485A-AE0F-E3BE11A7A182}.Release|Any CPU.Build.0 = Release|Any CPU
		{33D0E8CE-0D6D-485A-AE0F-E3BE11A7A182}.Release|x64.ActiveCfg = Release|Any CPU
		{33D0E8CE-0D6D-485A-AE0F-E3BE11A7A182}.Release|x64.Build.0 = Release|Any CPU
		{33D0E8CE-0D6D-485A-AE0F-E3BE11A7A182}.Release|x86.ActiveCfg = Release|Any CPU
		{33D0E8CE-0D6D-485A-AE0F-E3BE11A7A182}.Release|x86.Build.0 = Release|Any CPU
		{E066DED9-5182-415F-ACEB-E45CF92AF97C}.Debug|Any CPU.ActiveCfg = Debug|Any CPU
		{E066DED9-5182-415F-ACEB-E45CF92AF97C}.Debug|Any CPU.Build.0 = Debug|Any CPU
		{E066DED9-5182-415F-ACEB-E45CF92AF97C}.Debug|x64.ActiveCfg = Debug|Any CPU
		{E066DED9-5182-415F-ACEB-E45CF92AF97C}.Debug|x64.Build.0 = Debug|Any CPU
		{E066DED9-5182-415F-ACEB-E45CF92AF97C}.Debug|x86.ActiveCfg = Debug|Any CPU
		{E066DED9-5182-415F-ACEB-E45CF92AF97C}.Debug|x86.Build.0 = Debug|Any CPU
		{E066DED9-5182-415F-ACEB-E45CF92AF97C}.Release|Any CPU.ActiveCfg = Release|Any CPU
		{E066DED9-5182-415F-ACEB-E45CF92AF97C}.Release|Any CPU.Build.0 = Release|Any CPU
		{E066DED9-5182-415F-ACEB-E45CF92AF97C}.Release|x64.ActiveCfg = Release|Any CPU
		{E066DED9-5182-415F-ACEB-E45CF92AF97C}.Release|x64.Build.0 = Release|Any CPU
		{E066DED9-5182-415F-ACEB-E45CF92AF97C}.Release|x86.ActiveCfg = Release|Any CPU
		{E066DED9-5182-415F-ACEB-E45CF92AF97C}.Release|x86.Build.0 = Release|Any CPU
		{8853AFAE-03A3-44BC-8899-5CF30CEF1065}.Debug|Any CPU.ActiveCfg = Debug|Any CPU
		{8853AFAE-03A3-44BC-8899-5CF30CEF1065}.Debug|Any CPU.Build.0 = Debug|Any CPU
		{8853AFAE-03A3-44BC-8899-5CF30CEF1065}.Debug|x64.ActiveCfg = Debug|Any CPU
		{8853AFAE-03A3-44BC-8899-5CF30CEF1065}.Debug|x64.Build.0 = Debug|Any CPU
		{8853AFAE-03A3-44BC-8899-5CF30CEF1065}.Debug|x86.ActiveCfg = Debug|Any CPU
		{8853AFAE-03A3-44BC-8899-5CF30CEF1065}.Debug|x86.Build.0 = Debug|Any CPU
		{8853AFAE-03A3-44BC-8899-5CF30CEF1065}.Release|Any CPU.ActiveCfg = Release|Any CPU
		{8853AFAE-03A3-44BC-8899-5CF30CEF1065}.Release|Any CPU.Build.0 = Release|Any CPU
		{8853AFAE-03A3-44BC-8899-5CF30CEF1065}.Release|x64.ActiveCfg = Release|Any CPU
		{8853AFAE-03A3-44BC-8899-5CF30CEF1065}.Release|x64.Build.0 = Release|Any CPU
		{8853AFAE-03A3-44BC-8899-5CF30CEF1065}.Release|x86.ActiveCfg = Release|Any CPU
		{8853AFAE-03A3-44BC-8899-5CF30CEF1065}.Release|x86.Build.0 = Release|Any CPU
	EndGlobalSection
	GlobalSection(SolutionProperties) = preSolution
		HideSolutionNode = FALSE
	EndGlobalSection
EndGlobal
